
Microsoft Visual Studio Solution File, Format Version 12.00
# Visual Studio Version 16
VisualStudioVersion = 16.0.29418.71
MinimumVisualStudioVersion = 10.0.40219.1
Project("{FAE04EC0-301F-11D3-BF4B-00C04F79EFBC}") = "FaceStats", "FaceStats\FaceStats.csproj", "{A08960E7-1BEA-4385-967D-29DF3E8B364E}"
EndProject
Global
	GlobalSection(SolutionConfigurationPlatforms) = preSolution
		Debug|Any CPU = Debug|Any CPU
		Release|Any CPU = Release|Any CPU
	EndGlobalSection
	GlobalSection(ProjectConfigurationPlatforms) = postSolution
		{A08960E7-1BEA-4385-967D-29DF3E8B364E}.Debug|Any CPU.ActiveCfg = Debug|Any CPU
		{A08960E7-1BEA-4385-967D-29DF3E8B364E}.Debug|Any CPU.Build.0 = Debug|Any CPU
		{A08960E7-1BEA-4385-967D-29DF3E8B364E}.Release|Any CPU.ActiveCfg = Release|Any CPU
		{A08960E7-1BEA-4385-967D-29DF3E8B364E}.Release|Any CPU.Build.0 = Release|Any CPU
	EndGlobalSection
	GlobalSection(SolutionProperties) = preSolution
		HideSolutionNode = FALSE
	EndGlobalSection
	GlobalSection(ExtensibilityGlobals) = postSolution
		SolutionGuid = {9987ECB2-1289-4DFA-8296-9E9AAC6B1B4C}
	EndGlobalSection
EndGlobal
